// !$*UTF8*$!
{
	archiveVersion = 1;
	classes = {
	};
	objectVersion = 56;
	objects = {

/* Begin PBXBuildFile section */
		84F52CAA2D4D315200880090 /* BudgetTrackerWithCoreDataApp.swift in Sources */ = {isa = PBXBuildFile; fileRef = 84F52CA92D4D315200880090 /* BudgetTrackerWithCoreDataApp.swift */; };
		84F52CAC2D4D315200880090 /* ContentView.swift in Sources */ = {isa = PBXBuildFile; fileRef = 84F52CAB2D4D315200880090 /* ContentView.swift */; };
		84F52CAE2D4D315600880090 /* Assets.xcassets in Resources */ = {isa = PBXBuildFile; fileRef = 84F52CAD2D4D315600880090 /* Assets.xcassets */; };
		84F52CB12D4D315600880090 /* Preview Assets.xcassets in Resources */ = {isa = PBXBuildFile; fileRef = 84F52CB02D4D315600880090 /* Preview Assets.xcassets */; };
		84F52CBB2D4D315700880090 /* BudgetTrackerWithCoreDataTests.swift in Sources */ = {isa = PBXBuildFile; fileRef = 84F52CBA2D4D315700880090 /* BudgetTrackerWithCoreDataTests.swift */; };
		84F52CC52D4D315700880090 /* BudgetTrackerWithCoreDataUITests.swift in Sources */ = {isa = PBXBuildFile; fileRef = 84F52CC42D4D315700880090 /* BudgetTrackerWithCoreDataUITests.swift */; };
		84F52CC72D4D315700880090 /* BudgetTrackerWithCoreDataUITestsLaunchTests.swift in Sources */ = {isa = PBXBuildFile; fileRef = 84F52CC62D4D315700880090 /* BudgetTrackerWithCoreDataUITestsLaunchTests.swift */; };
		84F52CD52D4D341E00880090 /* BudgetTracker.xcdatamodeld in Sources */ = {isa = PBXBuildFile; fileRef = 84F52CD32D4D341E00880090 /* BudgetTracker.xcdatamodeld */; };
		84F52CD72D4D354400880090 /* PersistenceController.swift in Sources */ = {isa = PBXBuildFile; fileRef = 84F52CD62D4D354400880090 /* PersistenceController.swift */; };
		84F52CD92D4D3B9000880090 /* TransactionsView.swift in Sources */ = {isa = PBXBuildFile; fileRef = 84F52CD82D4D3B9000880090 /* TransactionsView.swift */; };
		84F52CDB2D4D43CC00880090 /* AddTransactionView.swift in Sources */ = {isa = PBXBuildFile; fileRef = 84F52CDA2D4D43CC00880090 /* AddTransactionView.swift */; };
		84F52CDD2D4D447800880090 /* EditTransactionView.swift in Sources */ = {isa = PBXBuildFile; fileRef = 84F52CDC2D4D447800880090 /* EditTransactionView.swift */; };
/* End PBXBuildFile section */

/* Begin PBXContainerItemProxy section */
		84F52CB72D4D315700880090 /* PBXContainerItemProxy */ = {
			isa = PBXContainerItemProxy;
			containerPortal = 84F52C9E2D4D315100880090 /* Project object */;
			proxyType = 1;
			remoteGlobalIDString = 84F52CA52D4D315100880090;
			remoteInfo = BudgetTrackerWithCoreData;
		};
		84F52CC12D4D315700880090 /* PBXContainerItemProxy */ = {
			isa = PBXContainerItemProxy;
			containerPortal = 84F52C9E2D4D315100880090 /* Project object */;
			proxyType = 1;
			remoteGlobalIDString = 84F52CA52D4D315100880090;
			remoteInfo = BudgetTrackerWithCoreData;
		};
/* End PBXContainerItemProxy section */

/* Begin PBXFileReference section */
		84F52CA62D4D315100880090 /* BudgetTrackerWithCoreData.app */ = {isa = PBXFileReference; explicitFileType = wrapper.application; includeInIndex = 0; path = BudgetTrackerWithCoreData.app; sourceTree = BUILT_PRODUCTS_DIR; };
		84F52CA92D4D315200880090 /* BudgetTrackerWithCoreDataApp.swift */ = {isa = PBXFileReference; lastKnownFileType = sourcecode.swift; path = BudgetTrackerWithCoreDataApp.swift; sourceTree = "<group>"; };
		84F52CAB2D4D315200880090 /* ContentView.swift */ = {isa = PBXFileReference; lastKnownFileType = sourcecode.swift; path = ContentView.swift; sourceTree = "<group>"; };
		84F52CAD2D4D315600880090 /* Assets.xcassets */ = {isa = PBXFileReference; lastKnownFileType = folder.assetcatalog; path = Assets.xcassets; sourceTree = "<group>"; };
		84F52CB02D4D315600880090 /* Preview Assets.xcassets */ = {isa = PBXFileReference; lastKnownFileType = folder.assetcatalog; path = "Preview Assets.xcassets"; sourceTree = "<group>"; };
		84F52CB62D4D315700880090 /* BudgetTrackerWithCoreDataTests.xctest */ = {isa = PBXFileReference; explicitFileType = wrapper.cfbundle; includeInIndex = 0; path = BudgetTrackerWithCoreDataTests.xctest; sourceTree = BUILT_PRODUCTS_DIR; };
		84F52CBA2D4D315700880090 /* BudgetTrackerWithCoreDataTests.swift */ = {isa = PBXFileReference; lastKnownFileType = sourcecode.swift; path = BudgetTrackerWithCoreDataTests.swift; sourceTree = "<group>"; };
		84F52CC02D4D315700880090 /* BudgetTrackerWithCoreDataUITests.xctest */ = {isa = PBXFileReference; explicitFileType = wrapper.cfbundle; includeInIndex = 0; path = BudgetTrackerWithCoreDataUITests.xctest; sourceTree = BUILT_PRODUCTS_DIR; };
		84F52CC42D4D315700880090 /* BudgetTrackerWithCoreDataUITests.swift */ = {isa = PBXFileReference; lastKnownFileType = sourcecode.swift; path = BudgetTrackerWithCoreDataUITests.swift; sourceTree = "<group>"; };
		84F52CC62D4D315700880090 /* BudgetTrackerWithCoreDataUITestsLaunchTests.swift */ = {isa = PBXFileReference; lastKnownFileType = sourcecode.swift; path = BudgetTrackerWithCoreDataUITestsLaunchTests.swift; sourceTree = "<group>"; };
		84F52CD42D4D341E00880090 /* BudgetTracker.xcdatamodel */ = {isa = PBXFileReference; lastKnownFileType = wrapper.xcdatamodel; path = BudgetTracker.xcdatamodel; sourceTree = "<group>"; };
		84F52CD62D4D354400880090 /* PersistenceController.swift */ = {isa = PBXFileReference; lastKnownFileType = sourcecode.swift; path = PersistenceController.swift; sourceTree = "<group>"; };
		84F52CD82D4D3B9000880090 /* TransactionsView.swift */ = {isa = PBXFileReference; lastKnownFileType = sourcecode.swift; path = TransactionsView.swift; sourceTree = "<group>"; };
		84F52CDA2D4D43CC00880090 /* AddTransactionView.swift */ = {isa = PBXFileReference; lastKnownFileType = sourcecode.swift; path = AddTransactionView.swift; sourceTree = "<group>"; };
		84F52CDC2D4D447800880090 /* EditTransactionView.swift */ = {isa = PBXFileReference; lastKnownFileType = sourcecode.swift; path = EditTransactionView.swift; sourceTree = "<group>"; };
/* End PBXFileReference section */

/* Begin PBXFrameworksBuildPhase section */
		84F52CA32D4D315100880090 /* Frameworks */ = {
			isa = PBXFrameworksBuildPhase;
			buildActionMask = 2147483647;
			files = (
			);
			runOnlyForDeploymentPostprocessing = 0;
		};
		84F52CB32D4D315700880090 /* Frameworks */ = {
			isa = PBXFrameworksBuildPhase;
			buildActionMask = 2147483647;
			files = (
			);
			runOnlyForDeploymentPostprocessing = 0;
		};
		84F52CBD2D4D315700880090 /* Frameworks */ = {
			isa = PBXFrameworksBuildPhase;
			buildActionMask = 2147483647;
			files = (
			);
			runOnlyForDeploymentPostprocessing = 0;
		};
/* End PBXFrameworksBuildPhase section */

/* Begin PBXGroup section */
		84F52C9D2D4D315100880090 = {
			isa = PBXGroup;
			children = (
				84F52CA82D4D315100880090 /* BudgetTrackerWithCoreData */,
				84F52CB92D4D315700880090 /* BudgetTrackerWithCoreDataTests */,
				84F52CC32D4D315700880090 /* BudgetTrackerWithCoreDataUITests */,
				84F52CA72D4D315100880090 /* Products */,
			);
			sourceTree = "<group>";
		};
		84F52CA72D4D315100880090 /* Products */ = {
			isa = PBXGroup;
			children = (
				84F52CA62D4D315100880090 /* BudgetTrackerWithCoreData.app */,
				84F52CB62D4D315700880090 /* BudgetTrackerWithCoreDataTests.xctest */,
				84F52CC02D4D315700880090 /* BudgetTrackerWithCoreDataUITests.xctest */,
			);
			name = Products;
			sourceTree = "<group>";
		};
		84F52CA82D4D315100880090 /* BudgetTrackerWithCoreData */ = {
			isa = PBXGroup;
			children = (
				84F52CA92D4D315200880090 /* BudgetTrackerWithCoreDataApp.swift */,
				84F52CAB2D4D315200880090 /* ContentView.swift */,
				84F52CD32D4D341E00880090 /* BudgetTracker.xcdatamodeld */,
				84F52CD62D4D354400880090 /* PersistenceController.swift */,
				84F52CD82D4D3B9000880090 /* TransactionsView.swift */,
				84F52CDC2D4D447800880090 /* EditTransactionView.swift */,
				84F52CDA2D4D43CC00880090 /* AddTransactionView.swift */,
				84F52CAD2D4D315600880090 /* Assets.xcassets */,
				84F52CAF2D4D315600880090 /* Preview Content */,
			);
			path = BudgetTrackerWithCoreData;
			sourceTree = "<group>";
		};
		84F52CAF2D4D315600880090 /* Preview Content */ = {
			isa = PBXGroup;
			children = (
				84F52CB02D4D315600880090 /* Preview Assets.xcassets */,
			);
			path = "Preview Content";
			sourceTree = "<group>";
		};
		84F52CB92D4D315700880090 /* BudgetTrackerWithCoreDataTests */ = {
			isa = PBXGroup;
			children = (
				84F52CBA2D4D315700880090 /* BudgetTrackerWithCoreDataTests.swift */,
			);
			path = BudgetTrackerWithCoreDataTests;
			sourceTree = "<group>";
		};
		84F52CC32D4D315700880090 /* BudgetTrackerWithCoreDataUITests */ = {
			isa = PBXGroup;
			children = (
				84F52CC42D4D315700880090 /* BudgetTrackerWithCoreDataUITests.swift */,
				84F52CC62D4D315700880090 /* BudgetTrackerWithCoreDataUITestsLaunchTests.swift */,
			);
			path = BudgetTrackerWithCoreDataUITests;
			sourceTree = "<group>";
		};
/* End PBXGroup section */

/* Begin PBXNativeTarget section */
		84F52CA52D4D315100880090 /* BudgetTrackerWithCoreData */ = {
			isa = PBXNativeTarget;
			buildConfigurationList = 84F52CCA2D4D315700880090 /* Build configuration list for PBXNativeTarget "BudgetTrackerWithCoreData" */;
			buildPhases = (
				84F52CA22D4D315100880090 /* Sources */,
				84F52CA32D4D315100880090 /* Frameworks */,
				84F52CA42D4D315100880090 /* Resources */,
			);
			buildRules = (
			);
			dependencies = (
			);
			name = BudgetTrackerWithCoreData;
			productName = BudgetTrackerWithCoreData;
			productReference = 84F52CA62D4D315100880090 /* BudgetTrackerWithCoreData.app */;
			productType = "com.apple.product-type.application";
		};
		84F52CB52D4D315700880090 /* BudgetTrackerWithCoreDataTests */ = {
			isa = PBXNativeTarget;
			buildConfigurationList = 84F52CCD2D4D315700880090 /* Build configuration list for PBXNativeTarget "BudgetTrackerWithCoreDataTests" */;
			buildPhases = (
				84F52CB22D4D315700880090 /* Sources */,
				84F52CB32D4D315700880090 /* Frameworks */,
				84F52CB42D4D315700880090 /* Resources */,
			);
			buildRules = (
			);
			dependencies = (
				84F52CB82D4D315700880090 /* PBXTargetDependency */,
			);
			name = BudgetTrackerWithCoreDataTests;
			productName = BudgetTrackerWithCoreDataTests;
			productReference = 84F52CB62D4D315700880090 /* BudgetTrackerWithCoreDataTests.xctest */;
			productType = "com.apple.product-type.bundle.unit-test";
		};
		84F52CBF2D4D315700880090 /* BudgetTrackerWithCoreDataUITests */ = {
			isa = PBXNativeTarget;
			buildConfigurationList = 84F52CD02D4D315700880090 /* Build configuration list for PBXNativeTarget "BudgetTrackerWithCoreDataUITests" */;
			buildPhases = (
				84F52CBC2D4D315700880090 /* Sources */,
				84F52CBD2D4D315700880090 /* Frameworks */,
				84F52CBE2D4D315700880090 /* Resources */,
			);
			buildRules = (
			);
			dependencies = (
				84F52CC22D4D315700880090 /* PBXTargetDependency */,
			);
			name = BudgetTrackerWithCoreDataUITests;
			productName = BudgetTrackerWithCoreDataUITests;
			productReference = 84F52CC02D4D315700880090 /* BudgetTrackerWithCoreDataUITests.xctest */;
			productType = "com.apple.product-type.bundle.ui-testing";
		};
/* End PBXNativeTarget section */

/* Begin PBXProject section */
		84F52C9E2D4D315100880090 /* Project object */ = {
			isa = PBXProject;
			attributes = {
				BuildIndependentTargetsInParallel = 1;
				LastSwiftUpdateCheck = 1400;
				LastUpgradeCheck = 1400;
				TargetAttributes = {
					84F52CA52D4D315100880090 = {
						CreatedOnToolsVersion = 14.0.1;
					};
					84F52CB52D4D315700880090 = {
						CreatedOnToolsVersion = 14.0.1;
						TestTargetID = 84F52CA52D4D315100880090;
					};
					84F52CBF2D4D315700880090 = {
						CreatedOnToolsVersion = 14.0.1;
						TestTargetID = 84F52CA52D4D315100880090;
					};
				};
			};
			buildConfigurationList = 84F52CA12D4D315100880090 /* Build configuration list for PBXProject "BudgetTrackerWithCoreData" */;
			compatibilityVersion = "Xcode 14.0";
			developmentRegion = en;
			hasScannedForEncodings = 0;
			knownRegions = (
				en,
				Base,
			);
			mainGroup = 84F52C9D2D4D315100880090;
			productRefGroup = 84F52CA72D4D315100880090 /* Products */;
			projectDirPath = "";
			projectRoot = "";
			targets = (
				84F52CA52D4D315100880090 /* BudgetTrackerWithCoreData */,
				84F52CB52D4D315700880090 /* BudgetTrackerWithCoreDataTests */,
				84F52CBF2D4D315700880090 /* BudgetTrackerWithCoreDataUITests */,
			);
		};
/* End PBXProject section */

/* Begin PBXResourcesBuildPhase section */
		84F52CA42D4D315100880090 /* Resources */ = {
			isa = PBXResourcesBuildPhase;
			buildActionMask = 2147483647;
			files = (
				84F52CB12D4D315600880090 /* Preview Assets.xcassets in Resources */,
				84F52CAE2D4D315600880090 /* Assets.xcassets in Resources */,
			);
			runOnlyForDeploymentPostprocessing = 0;
		};
		84F52CB42D4D315700880090 /* Resources */ = {
			isa = PBXResourcesBuildPhase;
			buildActionMask = 2147483647;
			files = (
			);
			runOnlyForDeploymentPostprocessing = 0;
		};
		84F52CBE2D4D315700880090 /* Resources */ = {
			isa = PBXResourcesBuildPhase;
			buildActionMask = 2147483647;
			files = (
			);
			runOnlyForDeploymentPostprocessing = 0;
		};
/* End PBXResourcesBuildPhase section */

/* Begin PBXSourcesBuildPhase section */
		84F52CA22D4D315100880090 /* Sources */ = {
			isa = PBXSourcesBuildPhase;
			buildActionMask = 2147483647;
			files = (
				84F52CD92D4D3B9000880090 /* TransactionsView.swift in Sources */,
				84F52CD52D4D341E00880090 /* BudgetTracker.xcdatamodeld in Sources */,
				84F52CDD2D4D447800880090 /* EditTransactionView.swift in Sources */,
				84F52CAC2D4D315200880090 /* ContentView.swift in Sources */,
				84F52CDB2D4D43CC00880090 /* AddTransactionView.swift in Sources */,
				84F52CAA2D4D315200880090 /* BudgetTrackerWithCoreDataApp.swift in Sources */,
				84F52CD72D4D354400880090 /* PersistenceController.swift in Sources */,
			);
			runOnlyForDeploymentPostprocessing = 0;
		};
		84F52CB22D4D315700880090 /* Sources */ = {
			isa = PBXSourcesBuildPhase;
			buildActionMask = 2147483647;
			files = (
				84F52CBB2D4D315700880090 /* BudgetTrackerWithCoreDataTests.swift in Sources */,
			);
			runOnlyForDeploymentPostprocessing = 0;
		};
		84F52CBC2D4D315700880090 /* Sources */ = {
			isa = PBXSourcesBuildPhase;
			buildActionMask = 2147483647;
			files = (
				84F52CC52D4D315700880090 /* BudgetTrackerWithCoreDataUITests.swift in Sources */,
				84F52CC72D4D315700880090 /* BudgetTrackerWithCoreDataUITestsLaunchTests.swift in Sources */,
			);
			runOnlyForDeploymentPostprocessing = 0;
		};
/* End PBXSourcesBuildPhase section */

/* Begin PBXTargetDependency section */
		84F52CB82D4D315700880090 /* PBXTargetDependency */ = {
			isa = PBXTargetDependency;
			target = 84F52CA52D4D315100880090 /* BudgetTrackerWithCoreData */;
			targetProxy = 84F52CB72D4D315700880090 /* PBXContainerItemProxy */;
		};
		84F52CC22D4D315700880090 /* PBXTargetDependency */ = {
			isa = PBXTargetDependency;
			target = 84F52CA52D4D315100880090 /* BudgetTrackerWithCoreData */;
			targetProxy = 84F52CC12D4D315700880090 /* PBXContainerItemProxy */;
		};
/* End PBXTargetDependency section */

/* Begin XCBuildConfiguration section */
		84F52CC82D4D315700880090 /* Debug */ = {
			isa = XCBuildConfiguration;
			buildSettings = {
				ALWAYS_SEARCH_USER_PATHS = NO;
				CLANG_ANALYZER_NONNULL = YES;
				CLANG_ANALYZER_NUMBER_OBJECT_CONVERSION = YES_AGGRESSIVE;
				CLANG_CXX_LANGUAGE_STANDARD = "gnu++20";
				CLANG_ENABLE_MODULES = YES;
				CLANG_ENABLE_OBJC_ARC = YES;
				CLANG_ENABLE_OBJC_WEAK = YES;
				CLANG_WARN_BLOCK_CAPTURE_AUTORELEASING = YES;
				CLANG_WARN_BOOL_CONVERSION = YES;
				CLANG_WARN_COMMA = YES;
				CLANG_WARN_CONSTANT_CONVERSION = YES;
				CLANG_WARN_DEPRECATED_OBJC_IMPLEMENTATIONS = YES;
				CLANG_WARN_DIRECT_OBJC_ISA_USAGE = YES_ERROR;
				CLANG_WARN_DOCUMENTATION_COMMENTS = YES;
				CLANG_WARN_EMPTY_BODY = YES;
				CLANG_WARN_ENUM_CONVERSION = YES;
				CLANG_WARN_INFINITE_RECURSION = YES;
				CLANG_WARN_INT_CONVERSION = YES;
				CLANG_WARN_NON_LITERAL_NULL_CONVERSION = YES;
				CLANG_WARN_OBJC_IMPLICIT_RETAIN_SELF = YES;
				CLANG_WARN_OBJC_LITERAL_CONVERSION = YES;
				CLANG_WARN_OBJC_ROOT_CLASS = YES_ERROR;
				CLANG_WARN_QUOTED_INCLUDE_IN_FRAMEWORK_HEADER = YES;
				CLANG_WARN_RANGE_LOOP_ANALYSIS = YES;
				CLANG_WARN_STRICT_PROTOTYPES = YES;
				CLANG_WARN_SUSPICIOUS_MOVE = YES;
				CLANG_WARN_UNGUARDED_AVAILABILITY = YES_AGGRESSIVE;
				CLANG_WARN_UNREACHABLE_CODE = YES;
				CLANG_WARN__DUPLICATE_METHOD_MATCH = YES;
				COPY_PHASE_STRIP = NO;
				DEBUG_INFORMATION_FORMAT = dwarf;
				ENABLE_STRICT_OBJC_MSGSEND = YES;
				ENABLE_TESTABILITY = YES;
				GCC_C_LANGUAGE_STANDARD = gnu11;
				GCC_DYNAMIC_NO_PIC = NO;
				GCC_NO_COMMON_BLOCKS = YES;
				GCC_OPTIMIZATION_LEVEL = 0;
				GCC_PREPROCESSOR_DEFINITIONS = (
					"DEBUG=1",
					"$(inherited)",
				);
				GCC_WARN_64_TO_32_BIT_CONVERSION = YES;
				GCC_WARN_ABOUT_RETURN_TYPE = YES_ERROR;
				GCC_WARN_UNDECLARED_SELECTOR = YES;
				GCC_WARN_UNINITIALIZED_AUTOS = YES_AGGRESSIVE;
				GCC_WARN_UNUSED_FUNCTION = YES;
				GCC_WARN_UNUSED_VARIABLE = YES;
				IPHONEOS_DEPLOYMENT_TARGET = 16.0;
				MTL_ENABLE_DEBUG_INFO = INCLUDE_SOURCE;
				MTL_FAST_MATH = YES;
				ONLY_ACTIVE_ARCH = YES;
				SDKROOT = iphoneos;
				SWIFT_ACTIVE_COMPILATION_CONDITIONS = DEBUG;
				SWIFT_OPTIMIZATION_LEVEL = "-Onone";
			};
			name = Debug;
		};
		84F52CC92D4D315700880090 /* Release */ = {
			isa = XCBuildConfiguration;
			buildSettings = {
				ALWAYS_SEARCH_USER_PATHS = NO;
				CLANG_ANALYZER_NONNULL = YES;
				CLANG_ANALYZER_NUMBER_OBJECT_CONVERSION = YES_AGGRESSIVE;
				CLANG_CXX_LANGUAGE_STANDARD = "gnu++20";
				CLANG_ENABLE_MODULES = YES;
				CLANG_ENABLE_OBJC_ARC = YES;
				CLANG_ENABLE_OBJC_WEAK = YES;
				CLANG_WARN_BLOCK_CAPTURE_AUTORELEASING = YES;
				CLANG_WARN_BOOL_CONVERSION = YES;
				CLANG_WARN_COMMA = YES;
				CLANG_WARN_CONSTANT_CONVERSION = YES;
				CLANG_WARN_DEPRECATED_OBJC_IMPLEMENTATIONS = YES;
				CLANG_WARN_DIRECT_OBJC_ISA_USAGE = YES_ERROR;
				CLANG_WARN_DOCUMENTATION_COMMENTS = YES;
				CLANG_WARN_EMPTY_BODY = YES;
				CLANG_WARN_ENUM_CONVERSION = YES;
				CLANG_WARN_INFINITE_RECURSION = YES;
				CLANG_WARN_INT_CONVERSION = YES;
				CLANG_WARN_NON_LITERAL_NULL_CONVERSION = YES;
				CLANG_WARN_OBJC_IMPLICIT_RETAIN_SELF = YES;
				CLANG_WARN_OBJC_LITERAL_CONVERSION = YES;
				CLANG_WARN_OBJC_ROOT_CLASS = YES_ERROR;
				CLANG_WARN_QUOTED_INCLUDE_IN_FRAMEWORK_HEADER = YES;
				CLANG_WARN_RANGE_LOOP_ANALYSIS = YES;
				CLANG_WARN_STRICT_PROTOTYPES = YES;
				CLANG_WARN_SUSPICIOUS_MOVE = YES;
				CLANG_WARN_UNGUARDED_AVAILABILITY = YES_AGGRESSIVE;
				CLANG_WARN_UNREACHABLE_CODE = YES;
				CLANG_WARN__DUPLICATE_METHOD_MATCH = YES;
				COPY_PHASE_STRIP = NO;
				DEBUG_INFORMATION_FORMAT = "dwarf-with-dsym";
				ENABLE_NS_ASSERTIONS = NO;
				ENABLE_STRICT_OBJC_MSGSEND = YES;
				GCC_C_LANGUAGE_STANDARD = gnu11;
				GCC_NO_COMMON_BLOCKS = YES;
				GCC_WARN_64_TO_32_BIT_CONVERSION = YES;
				GCC_WARN_ABOUT_RETURN_TYPE = YES_ERROR;
				GCC_WARN_UNDECLARED_SELECTOR = YES;
				GCC_WARN_UNINITIALIZED_AUTOS = YES_AGGRESSIVE;
				GCC_WARN_UNUSED_FUNCTION = YES;
				GCC_WARN_UNUSED_VARIABLE = YES;
				IPHONEOS_DEPLOYMENT_TARGET = 16.0;
				MTL_ENABLE_DEBUG_INFO = NO;
				MTL_FAST_MATH = YES;
				SDKROOT = iphoneos;
				SWIFT_COMPILATION_MODE = wholemodule;
				SWIFT_OPTIMIZATION_LEVEL = "-O";
				VALIDATE_PRODUCT = YES;
			};
			name = Release;
		};
		84F52CCB2D4D315700880090 /* Debug */ = {
			isa = XCBuildConfiguration;
			buildSettings = {
				ASSETCATALOG_COMPILER_APPICON_NAME = AppIcon;
				ASSETCATALOG_COMPILER_GLOBAL_ACCENT_COLOR_NAME = AccentColor;
				CODE_SIGN_STYLE = Automatic;
				CURRENT_PROJECT_VERSION = 1;
				DEVELOPMENT_ASSET_PATHS = "\"BudgetTrackerWithCoreData/Preview Content\"";
				ENABLE_PREVIEWS = YES;
				GENERATE_INFOPLIST_FILE = YES;
				INFOPLIST_KEY_UIApplicationSceneManifest_Generation = YES;
				INFOPLIST_KEY_UIApplicationSupportsIndirectInputEvents = YES;
				INFOPLIST_KEY_UILaunchScreen_Generation = YES;
				INFOPLIST_KEY_UISupportedInterfaceOrientations_iPad = "UIInterfaceOrientationPortrait UIInterfaceOrientationPortraitUpsideDown UIInterfaceOrientationLandscapeLeft UIInterfaceOrientationLandscapeRight";
				INFOPLIST_KEY_UISupportedInterfaceOrientations_iPhone = "UIInterfaceOrientationPortrait UIInterfaceOrientationLandscapeLeft UIInterfaceOrientationLandscapeRight";
				LD_RUNPATH_SEARCH_PATHS = (
					"$(inherited)",
					"@executable_path/Frameworks",
				);
				MARKETING_VERSION = 1.0;
				PRODUCT_BUNDLE_IDENTIFIER = com.example.sampleapp.BudgetTrackerWithCoreData;
				PRODUCT_NAME = "$(TARGET_NAME)";
				SWIFT_EMIT_LOC_STRINGS = YES;
				SWIFT_VERSION = 5.0;
				TARGETED_DEVICE_FAMILY = "1,2";
			};
			name = Debug;
		};
		84F52CCC2D4D315700880090 /* Release */ = {
			isa = XCBuildConfiguration;
			buildSettings = {
				ASSETCATALOG_COMPILER_APPICON_NAME = AppIcon;
				ASSETCATALOG_COMPILER_GLOBAL_ACCENT_COLOR_NAME = AccentColor;
				CODE_SIGN_STYLE = Automatic;
				CURRENT_PROJECT_VERSION = 1;
				DEVELOPMENT_ASSET_PATHS = "\"BudgetTrackerWithCoreData/Preview Content\"";
				ENABLE_PREVIEWS = YES;
				GENERATE_INFOPLIST_FILE = YES;
				INFOPLIST_KEY_UIApplicationSceneManifest_Generation = YES;
				INFOPLIST_KEY_UIApplicationSupportsIndirectInputEvents = YES;
				INFOPLIST_KEY_UILaunchScreen_Generation = YES;
				INFOPLIST_KEY_UISupportedInterfaceOrientations_iPad = "UIInterfaceOrientationPortrait UIInterfaceOrientationPortraitUpsideDown UIInterfaceOrientationLandscapeLeft UIInterfaceOrientationLandscapeRight";
				INFOPLIST_KEY_UISupportedInterfaceOrientations_iPhone = "UIInterfaceOrientationPortrait UIInterfaceOrientationLandscapeLeft UIInterfaceOrientationLandscapeRight";
				LD_RUNPATH_SEARCH_PATHS = (
					"$(inherited)",
					"@executable_path/Frameworks",
				);
				MARKETING_VERSION = 1.0;
				PRODUCT_BUNDLE_IDENTIFIER = com.example.sampleapp.BudgetTrackerWithCoreData;
				PRODUCT_NAME = "$(TARGET_NAME)";
				SWIFT_EMIT_LOC_STRINGS = YES;
				SWIFT_VERSION = 5.0;
				TARGETED_DEVICE_FAMILY = "1,2";
			};
			name = Release;
		};
		84F52CCE2D4D315700880090 /* Debug */ = {
			isa = XCBuildConfiguration;
			buildSettings = {
				ALWAYS_EMBED_SWIFT_STANDARD_LIBRARIES = YES;
				BUNDLE_LOADER = "$(TEST_HOST)";
				CODE_SIGN_STYLE = Automatic;
				CURRENT_PROJECT_VERSION = 1;
				GENERATE_INFOPLIST_FILE = YES;
				IPHONEOS_DEPLOYMENT_TARGET = 16.0;
				MARKETING_VERSION = 1.0;
				PRODUCT_BUNDLE_IDENTIFIER = com.example.sampleapp.BudgetTrackerWithCoreDataTests;
				PRODUCT_NAME = "$(TARGET_NAME)";
				SWIFT_EMIT_LOC_STRINGS = NO;
				SWIFT_VERSION = 5.0;
				TARGETED_DEVICE_FAMILY = "1,2";
				TEST_HOST = "$(BUILT_PRODUCTS_DIR)/BudgetTrackerWithCoreData.app/$(BUNDLE_EXECUTABLE_FOLDER_PATH)/BudgetTrackerWithCoreData";
			};
			name = Debug;
		};
		84F52CCF2D4D315700880090 /* Release */ = {
			isa = XCBuildConfiguration;
			buildSettings = {
				ALWAYS_EMBED_SWIFT_STANDARD_LIBRARIES = YES;
				BUNDLE_LOADER = "$(TEST_HOST)";
				CODE_SIGN_STYLE = Automatic;
				CURRENT_PROJECT_VERSION = 1;
				GENERATE_INFOPLIST_FILE = YES;
				IPHONEOS_DEPLOYMENT_TARGET = 16.0;
				MARKETING_VERSION = 1.0;
				PRODUCT_BUNDLE_IDENTIFIER = com.example.sampleapp.BudgetTrackerWithCoreDataTests;
				PRODUCT_NAME = "$(TARGET_NAME)";
				SWIFT_EMIT_LOC_STRINGS = NO;
				SWIFT_VERSION = 5.0;
				TARGETED_DEVICE_FAMILY = "1,2";
				TEST_HOST = "$(BUILT_PRODUCTS_DIR)/BudgetTrackerWithCoreData.app/$(BUNDLE_EXECUTABLE_FOLDER_PATH)/BudgetTrackerWithCoreData";
			};
			name = Release;
		};
		84F52CD12D4D315700880090 /* Debug */ = {
			isa = XCBuildConfiguration;
			buildSettings = {
				ALWAYS_EMBED_SWIFT_STANDARD_LIBRARIES = YES;
				CODE_SIGN_STYLE = Automatic;
				CURRENT_PROJECT_VERSION = 1;
				GENERATE_INFOPLIST_FILE = YES;
				MARKETING_VERSION = 1.0;
				PRODUCT_BUNDLE_IDENTIFIER = com.example.sampleapp.BudgetTrackerWithCoreDataUITests;
				PRODUCT_NAME = "$(TARGET_NAME)";
				SWIFT_EMIT_LOC_STRINGS = NO;
				SWIFT_VERSION = 5.0;
				TARGETED_DEVICE_FAMILY = "1,2";
				TEST_TARGET_NAME = BudgetTrackerWithCoreData;
			};
			name = Debug;
		};
		84F52CD22D4D315700880090 /* Release */ = {
			isa = XCBuildConfiguration;
			buildSettings = {
				ALWAYS_EMBED_SWIFT_STANDARD_LIBRARIES = YES;
				CODE_SIGN_STYLE = Automatic;
				CURRENT_PROJECT_VERSION = 1;
				GENERATE_INFOPLIST_FILE = YES;
				MARKETING_VERSION = 1.0;
				PRODUCT_BUNDLE_IDENTIFIER = com.example.sampleapp.BudgetTrackerWithCoreDataUITests;
				PRODUCT_NAME = "$(TARGET_NAME)";
				SWIFT_EMIT_LOC_STRINGS = NO;
				SWIFT_VERSION = 5.0;
				TARGETED_DEVICE_FAMILY = "1,2";
				TEST_TARGET_NAME = BudgetTrackerWithCoreData;
			};
			name = Release;
		};
/* End XCBuildConfiguration section */

/* Begin XCConfigurationList section */
		84F52CA12D4D315100880090 /* Build configuration list for PBXProject "BudgetTrackerWithCoreData" */ = {
			isa = XCConfigurationList;
			buildConfigurations = (
				84F52CC82D4D315700880090 /* Debug */,
				84F52CC92D4D315700880090 /* Release */,
			);
			defaultConfigurationIsVisible = 0;
			defaultConfigurationName = Release;
		};
		84F52CCA2D4D315700880090 /* Build configuration list for PBXNativeTarget "BudgetTrackerWithCoreData" */ = {
			isa = XCConfigurationList;
			buildConfigurations = (
				84F52CCB2D4D315700880090 /* Debug */,
				84F52CCC2D4D315700880090 /* Release */,
			);
			defaultConfigurationIsVisible = 0;
			defaultConfigurationName = Release;
		};
		84F52CCD2D4D315700880090 /* Build configuration list for PBXNativeTarget "BudgetTrackerWithCoreDataTests" */ = {
			isa = XCConfigurationList;
			buildConfigurations = (
				84F52CCE2D4D315700880090 /* Debug */,
				84F52CCF2D4D315700880090 /* Release */,
			);
			defaultConfigurationIsVisible = 0;
			defaultConfigurationName = Release;
		};
		84F52CD02D4D315700880090 /* Build configuration list for PBXNativeTarget "BudgetTrackerWithCoreDataUITests" */ = {
			isa = XCConfigurationList;
			buildConfigurations = (
				84F52CD12D4D315700880090 /* Debug */,
				84F52CD22D4D315700880090 /* Release */,
			);
			defaultConfigurationIsVisible = 0;
			defaultConfigurationName = Release;
		};
/* End XCConfigurationList section */

/* Begin XCVersionGroup section */
		84F52CD32D4D341E00880090 /* BudgetTracker.xcdatamodeld */ = {
			isa = XCVersionGroup;
			children = (
				84F52CD42D4D341E00880090 /* BudgetTracker.xcdatamodel */,
			);
			currentVersion = 84F52CD42D4D341E00880090 /* BudgetTracker.xcdatamodel */;
			path = BudgetTracker.xcdatamodeld;
			sourceTree = "<group>";
			versionGroupType = wrapper.xcdatamodel;
		};
/* End XCVersionGroup section */
	};
	rootObject = 84F52C9E2D4D315100880090 /* Project object */;
}
